{
  "projects": [
    {
      "projectId": "seaQhLVS4bbjiGvJJrRwyL",
      "version": "15.0.3",
      "dependencies": {},
      "lang": "js",
      "fileLocks": [
        {
          "assetId": "seaQhLVS4bbjiGvJJrRwyL",
          "type": "projectCss",
          "checksum": "96d0c5256c70ddefc2366d3580ce9213"
        }
      ],
      "codegenVersion": "0.0.1"
    },
    {
      "projectId": "3adtwsaNx4fbnhR9s4awSb",
      "version": "latest",
      "dependencies": {
        "seaQhLVS4bbjiGvJJrRwyL": "15.0.3"
      },
      "lang": "js",
      "fileLocks": [
        {
          "type": "globalVariant",
          "assetId": "jUiCLM8X1irJWh",
          "checksum": "f2970336a9ce7b10eee6acaf948eb172"
        },
        {
          "type": "renderModule",
          "assetId": "QvR9OvOlX_pnA",
          "checksum": "cf3ca22dbdb0ad6db2212c8e3101edcb"
        },
        {
          "type": "cssRules",
          "assetId": "QvR9OvOlX_pnA",
          "checksum": "cf3ca22dbdb0ad6db2212c8e3101edcb"
        },
        {
          "type": "renderModule",
          "assetId": "OwNgl6pAp8jmR",
          "checksum": "69a4971eadcf666143c15ddc03e65798"
        },
        {
          "type": "cssRules",
          "assetId": "OwNgl6pAp8jmR",
          "checksum": "69a4971eadcf666143c15ddc03e65798"
        },
        {
          "type": "renderModule",
          "assetId": "TW5t8zVcN2wl_",
          "checksum": "76eb9f0396f9a4d9196e2eac1391d209"
        },
        {
          "type": "cssRules",
          "assetId": "TW5t8zVcN2wl_",
          "checksum": "76eb9f0396f9a4d9196e2eac1391d209"
        },
        {
          "type": "renderModule",
          "assetId": "RQEvnXfAp0GKYN",
          "checksum": "a9f3a868ab6149832e5dbb44a282c432"
        },
        {
          "type": "cssRules",
          "assetId": "RQEvnXfAp0GKYN",
          "checksum": "a9f3a868ab6149832e5dbb44a282c432"
        },
        {
          "type": "renderModule",
          "assetId": "cI83_cFB8SXTQl",
          "checksum": "33bf99261b4e7e4ed1e24e241c985926"
        },
        {
          "type": "cssRules",
          "assetId": "cI83_cFB8SXTQl",
          "checksum": "33bf99261b4e7e4ed1e24e241c985926"
        },
        {
          "type": "renderModule",
          "assetId": "3D6Mb89eJPjB-u",
          "checksum": "7923c19d7cd00977067a609fdc110543"
        },
        {
          "type": "cssRules",
          "assetId": "3D6Mb89eJPjB-u",
          "checksum": "7923c19d7cd00977067a609fdc110543"
        },
        {
          "type": "renderModule",
          "assetId": "RewbbDsDEQiYmI",
          "checksum": "53902230ae50e48570ac0f9bb4b2a23a"
        },
        {
          "type": "cssRules",
          "assetId": "RewbbDsDEQiYmI",
          "checksum": "53902230ae50e48570ac0f9bb4b2a23a"
        },
        {
          "type": "renderModule",
          "assetId": "ZyNOwmVZ2Z1Kj-",
          "checksum": "382584df1cfe0291ea466c79a28e0b4b"
        },
        {
          "type": "cssRules",
          "assetId": "ZyNOwmVZ2Z1Kj-",
          "checksum": "382584df1cfe0291ea466c79a28e0b4b"
        },
        {
          "type": "renderModule",
          "assetId": "07PCDFuzro1tA0",
          "checksum": "04023c37793f6fc7d89e317a218c2ce7"
        },
        {
          "type": "cssRules",
          "assetId": "07PCDFuzro1tA0",
          "checksum": "04023c37793f6fc7d89e317a218c2ce7"
        },
        {
          "type": "renderModule",
          "assetId": "6VIAcnaHASJ_Lz",
          "checksum": "4f29048971b1b6fb94225a01c24822f9"
        },
        {
          "type": "cssRules",
          "assetId": "6VIAcnaHASJ_Lz",
          "checksum": "4f29048971b1b6fb94225a01c24822f9"
        },
        {
          "type": "renderModule",
          "assetId": "xZzHVx5K2WAtTt",
          "checksum": "ae35ce6206e29cd759c37cfdb9c08a86"
        },
        {
          "type": "cssRules",
          "assetId": "xZzHVx5K2WAtTt",
          "checksum": "ae35ce6206e29cd759c37cfdb9c08a86"
        },
        {
          "type": "renderModule",
          "assetId": "Ak1xcrUCc58Wy7",
          "checksum": "3c7246ee3bd6d96faa9e970cf48391ae"
        },
        {
          "type": "cssRules",
          "assetId": "Ak1xcrUCc58Wy7",
          "checksum": "3c7246ee3bd6d96faa9e970cf48391ae"
        },
        {
          "type": "renderModule",
          "assetId": "aX1eevfQCGFMqx",
          "checksum": "f0cb879f78a361330bcd3d15906ea092"
        },
        {
          "type": "cssRules",
          "assetId": "aX1eevfQCGFMqx",
          "checksum": "f0cb879f78a361330bcd3d15906ea092"
        },
        {
          "type": "renderModule",
          "assetId": "YGVpk9mgzeHPQg",
          "checksum": "16e5c5130900ba0953414fbc0a0e4717"
        },
        {
          "type": "cssRules",
          "assetId": "YGVpk9mgzeHPQg",
          "checksum": "16e5c5130900ba0953414fbc0a0e4717"
        },
        {
          "type": "renderModule",
          "assetId": "hfXy7oEtUtMInn",
          "checksum": "4bfb3ddc484f780c4fe83451a8615565"
        },
        {
          "type": "cssRules",
          "assetId": "hfXy7oEtUtMInn",
          "checksum": "4bfb3ddc484f780c4fe83451a8615565"
        },
        {
          "type": "renderModule",
          "assetId": "tnxx1JbhGJCnEG",
          "checksum": "a14e0cf3eca009252ffaabdf6f3315c6"
        },
        {
          "type": "cssRules",
          "assetId": "tnxx1JbhGJCnEG",
          "checksum": "a14e0cf3eca009252ffaabdf6f3315c6"
        },
        {
          "type": "renderModule",
          "assetId": "GnbV4UJUUZ7bgE",
          "checksum": "c4662b6ecb633dc6586e5e9cabaf4504"
        },
        {
          "type": "cssRules",
          "assetId": "GnbV4UJUUZ7bgE",
          "checksum": "c4662b6ecb633dc6586e5e9cabaf4504"
        },
        {
          "type": "renderModule",
          "assetId": "EH5ogLTat-E_K4",
          "checksum": "17027a94ff825966e81f8c9cd7e0c3b1"
        },
        {
          "type": "cssRules",
          "assetId": "EH5ogLTat-E_K4",
          "checksum": "17027a94ff825966e81f8c9cd7e0c3b1"
        },
        {
          "type": "renderModule",
          "assetId": "ogwA_v7VurqFle",
          "checksum": "9981df8a6926c45b9b6e16dbd1d19a94"
        },
        {
          "type": "cssRules",
          "assetId": "ogwA_v7VurqFle",
          "checksum": "9981df8a6926c45b9b6e16dbd1d19a94"
        },
        {
          "type": "renderModule",
          "assetId": "TG2mAKf7F2Xmqu",
          "checksum": "d8597b9b188bf776888e506c31b29f0b"
        },
        {
          "type": "cssRules",
          "assetId": "TG2mAKf7F2Xmqu",
          "checksum": "d8597b9b188bf776888e506c31b29f0b"
        },
        {
          "type": "icon",
          "assetId": "0xxWsT2LIytCbX",
          "checksum": "0872d983937eb995682706bbc14e7e96"
        },
        {
          "type": "icon",
          "assetId": "706j62G7r15dhZ",
          "checksum": "066fecb3e2d6a440748835e467706d03"
        },
        {
          "type": "icon",
          "assetId": "fB7OLnXBcVewEi",
          "checksum": "0b20e63f7b55d468fc44ab70c250e8af"
        },
        {
          "type": "icon",
          "assetId": "pruvOKS4npuYuy",
          "checksum": "d4f6e4e0c4deaa7a17b9aae133f3df22"
        },
        {
          "type": "icon",
          "assetId": "EuTUH447tgB1vH",
          "checksum": "4ecedfd6c7828e9ce0d435020d890e96"
        },
        {
          "type": "icon",
          "assetId": "mnBvaLE5du_YO2",
          "checksum": "81d6ae63bf7273e92f0ba8b28ee99a34"
        },
        {
          "type": "icon",
          "assetId": "upkmPCi0NPkXSV",
          "checksum": "4392578821d859924246e98f2ac75be9"
        },
        {
          "type": "icon",
          "assetId": "C-3gQM9S3SEtz5",
          "checksum": "008047223048c9ecf060bc7b2945eaa6"
        },
        {
          "type": "icon",
          "assetId": "zsZho5YkbHJIzY",
          "checksum": "8c7b866c7d1ff69c273a0c1f8f984007"
        },
        {
          "type": "icon",
          "assetId": "xHTQhMqrXsxYlV",
          "checksum": "f4c5768e04fd1c3ca59f9265c13c1c8d"
        },
        {
          "type": "icon",
          "assetId": "L_WEUKtpyTRBT4",
          "checksum": "545e65ee992c1c6604824757b95921dc"
        },
        {
          "type": "icon",
          "assetId": "6Ovmr-w1Jz_ZUi",
          "checksum": "03ca7b0ebdc912dca32d7805681ebc50"
        },
        {
          "type": "icon",
          "assetId": "7WcldtXECqzl9W",
          "checksum": "418dca4e465fa17c3de2e7b3c70dc6a4"
        },
        {
          "type": "icon",
          "assetId": "cIQ_frGlhBk92b",
          "checksum": "845092038cc2555e1e56dc7000fa1fb3"
        },
        {
          "type": "icon",
          "assetId": "wgvR_AupGN6fce",
          "checksum": "feed32446374f79a484cdaa1b03ad68e"
        },
        {
          "type": "icon",
          "assetId": "AclLOQ6-qrgIBX",
          "checksum": "da17b39526d3468bc2b78abb274e7bb5"
        },
        {
          "type": "icon",
          "assetId": "M445KE-xZP4Nq3",
          "checksum": "fa582857b57f763c4879ebe2e355bb8c"
        },
        {
          "type": "icon",
          "assetId": "Q_QHFpx2aD_vAl",
          "checksum": "45776200878725a6e3b318264f448b66"
        },
        {
          "type": "icon",
          "assetId": "roxYeZYrLVxwkZ",
          "checksum": "f726a191b2df879f20b1683b4eb97609"
        },
        {
          "type": "icon",
          "assetId": "zFymUcukGY1tqe",
          "checksum": "1fbe09b98f35a8b9ae5f5687f211269b"
        },
        {
          "type": "icon",
          "assetId": "8qXOOzW_fRfbWJ",
          "checksum": "2ab06354e864a39e8a0901b66cad8166"
        },
        {
          "type": "icon",
          "assetId": "nHwepO8IxeTnC8",
          "checksum": "aa3991df0a902fabc770ae8fe709b7dd"
        },
        {
          "type": "icon",
          "assetId": "7-DFRnkJwXOoW0",
          "checksum": "566c244162d72cabc8c9c7f93581a0f8"
        },
        {
          "type": "icon",
          "assetId": "ncuRtIUICGcQ5g",
          "checksum": "42ae21295327260dcf91d4235cd2de5a"
        },
        {
          "type": "icon",
          "assetId": "L_p532g0mrDQcQ",
          "checksum": "14bd2897e38b6477943a97fc3091c813"
        },
        {
          "type": "icon",
          "assetId": "EV6lzO2YUR6fol",
          "checksum": "87b7bf5461a70432bf8e4626fa5c39f9"
        },
        {
          "type": "icon",
          "assetId": "lkXHEPS8Jnt7bl",
          "checksum": "19b277fcaa7f97ddcb8038b0a47533bf"
        },
        {
          "type": "icon",
          "assetId": "ZrfKhA5Pd4NR1s",
          "checksum": "347c6d85e3a256ee91ae64aa94c2e4aa"
        },
        {
          "type": "icon",
          "assetId": "f1fUpeKTfb2hUV",
          "checksum": "85732f7958bbfa7a4dc62f9304b9787d"
        },
        {
          "type": "icon",
          "assetId": "yAKznUTIEJmGW5",
          "checksum": "724cc28de905f2c70d88165c6cd449b9"
        },
        {
          "type": "icon",
          "assetId": "rNaVZbfRI783Y_",
          "checksum": "06b55c80577eb8f66e66250338b51c31"
        },
        {
          "type": "image",
          "assetId": "_lPmr96U3aEq2B",
          "checksum": "0866862c4e6b91177c16fc22b1acdfb6"
        },
        {
          "type": "image",
          "assetId": "ri_2uDIFJRLXQO",
          "checksum": "30e16d4ab011cfb651bc7e89f7f6bcf0"
        },
        {
          "type": "image",
          "assetId": "a3UyjQ_S8oEalU",
          "checksum": "7447d73c9e44321a4c90175a4152d115"
        },
        {
          "type": "image",
          "assetId": "IFSJ22hfX-pD-t",
          "checksum": "ed4b4c32ce4beede561d77d6cd84689d"
        },
        {
          "type": "image",
          "assetId": "XuI2UPh9QFKI61",
          "checksum": "9feef2cd33f84bf5308395a3217b35d4"
        },
        {
          "type": "image",
          "assetId": "U7Jg5ch5nrTUuY",
          "checksum": "29f2f1aae583f29759d2736a35b03a9e"
        },
        {
          "type": "image",
          "assetId": "vZRzG0LqAHatls",
          "checksum": "371fb7349c65fb954619078993e0500e"
        },
        {
          "type": "image",
          "assetId": "qyYOwE3pkAb-db",
          "checksum": "c7ba61c1403fb4a0c0a636d255e9c6fa"
        },
        {
          "type": "image",
          "assetId": "q6AR3rxrm2N75u",
          "checksum": "e0d28780e84b52871fbb7bc47723a5b5"
        },
        {
          "type": "image",
          "assetId": "Ud6T_wwBH6FZOx",
          "checksum": "b625c88c2d2343e74be2ae6e6f57b9d7"
        },
        {
          "type": "image",
          "assetId": "lAkotQpetP9d_o",
          "checksum": "8f0dfa1d76a2ec9c24105f904ef8c81b"
        },
        {
          "type": "image",
          "assetId": "6y819RbMEoflK4",
          "checksum": "3c2ef9e321b6a6cf2a8eee6e70863a77"
        },
        {
          "type": "image",
          "assetId": "G6cxBE1Yr2L836",
          "checksum": "c1147554c024e71eb118ee524b7791cd"
        },
        {
          "type": "image",
          "assetId": "RSiqa5kb2XTI_d",
          "checksum": "1b05c230abbae82a03e7a2a7d2f8fe5e"
        },
        {
          "type": "image",
          "assetId": "D-0zD3a7Q32H2U",
          "checksum": "a490e97fe215ca745ccf5c66ca0297cc"
        },
        {
          "type": "image",
          "assetId": "WcXvLJdAHCdhJe",
          "checksum": "090454e96d1407dc5adf9f44ecf56c84"
        },
        {
          "type": "image",
          "assetId": "YE6jYg3s6syJl-",
          "checksum": "ebf42e71fef10ccf6b5c98560182cef2"
        },
        {
          "type": "image",
          "assetId": "C1c0eeq5ltaYq6",
          "checksum": "2ec700c55cf99588258b8f43a6dfa521"
        },
        {
          "type": "image",
          "assetId": "eARIoeda3L7dVS",
          "checksum": "635660c35f78d59a3edc1c4d3bb6175e"
        },
        {
          "type": "image",
          "assetId": "UjSetxX2Szmoci",
          "checksum": "c7b297e6b958babe3da5239188276562"
        },
        {
          "type": "image",
          "assetId": "BeklQQsoye9vhi",
          "checksum": "9fdaf73c3f330924d7944a87a1e82943"
        },
        {
          "type": "image",
          "assetId": "s2cSDcp2OVfVho",
          "checksum": "1f0448c5a3c4526fd6f12ebaff37374d"
        },
        {
          "type": "image",
          "assetId": "lHil-qC04GVXs5",
          "checksum": "1ac1a6324ff872013b2775da2aeeedbc"
        },
        {
          "type": "image",
          "assetId": "dueXyAys1XnOsu",
          "checksum": "b57ed8ef7b5407025a000608983abaee"
        },
        {
          "type": "image",
          "assetId": "uvtv6-KPrlez-2",
          "checksum": "e572942ffc5f53e38553de3e7a4c213b"
        },
        {
          "type": "image",
          "assetId": "UJRX5gLLat6YFf",
          "checksum": "731736bed51d7e66bb62049808914f9b"
        },
        {
          "type": "image",
          "assetId": "hP58TWz54oq2K3",
          "checksum": "146868ec9aba1bec9ec14d668199607f"
        },
        {
          "type": "image",
          "assetId": "1eGhndAVxbHEdo",
          "checksum": "09c132d617c8cb6cd817e6c02ee44cfc"
        },
        {
          "type": "image",
          "assetId": "Ap__dM10l1ia_d",
          "checksum": "23dea829d3d8ef149b03dc5ecb2f5b48"
        },
        {
          "type": "image",
          "assetId": "UyBMJjLmVIBh0s",
          "checksum": "d982002454b46bb283382b442b84fd18"
        },
        {
          "type": "image",
          "assetId": "1ZcR-R7MktCtRQ",
          "checksum": "88de0d61c9c78f7e3214d8e5ed71358a"
        },
        {
          "type": "image",
          "assetId": "RPbe2fKcIsvoqm",
          "checksum": "4c1be0cf82fefceefc31231f7a39feef"
        },
        {
          "type": "image",
          "assetId": "XA02frpHmZBY0J",
          "checksum": "00505aac04d7d0a86572a35c2d26d605"
        },
        {
          "type": "image",
          "assetId": "_IIF5-J1Pn67Me",
          "checksum": "984397eca989d46a4091091fcdf15fb2"
        },
        {
          "type": "image",
          "assetId": "eBQjy69UwtZOSX",
          "checksum": "f8144f33568ec169258729f9e7e39cb7"
        },
        {
          "type": "image",
          "assetId": "R13_3_tBh6ghkv",
          "checksum": "f335704714d4b56429688ab34f8fa75e"
        },
        {
          "type": "image",
          "assetId": "sJposYmo6fTLUv",
          "checksum": "2c36cd199d31b3f112dd39e21d3a2565"
        },
        {
          "type": "image",
          "assetId": "j6cUjeArBPcrtT",
          "checksum": "57f92393ae67ec30769d6f7c7e10ed5d"
        },
        {
          "type": "image",
          "assetId": "R9xcVBKrjo7VvG",
          "checksum": "5858f1f227dc9f194a7e8f1303282a49"
        },
        {
          "type": "image",
          "assetId": "3uATNm5O-IJVZ2",
          "checksum": "ccc8f7429151491d999f96931399743d"
        },
        {
          "type": "image",
          "assetId": "7fNa2g25SUhjZY",
          "checksum": "04ec514dfe9faacbbc3065c627310dd8"
        },
        {
          "type": "image",
          "assetId": "QUD6bQ1qx4H7Pq",
          "checksum": "3586023203f04d791425c8c115be61c3"
        },
        {
          "type": "image",
          "assetId": "jfKuEnLF11SvX4",
          "checksum": "3c7bebb9e4303b4856a1c717ef71d48a"
        },
        {
          "type": "image",
          "assetId": "xa1ZD5e70uWQWK",
          "checksum": "1e8fc82a9ecccddbad51e7c38d6da337"
        },
        {
          "type": "image",
          "assetId": "0RJ9hk-KW_UMh3",
          "checksum": "50d3ad313bfb3cc7d85ff2785e582b88"
        },
        {
          "type": "image",
          "assetId": "FJoyjyYXyk15DM",
          "checksum": "a6240ce00323089357133ef8570932bf"
        },
        {
          "type": "image",
          "assetId": "vsG8rVWHfNbZZo",
          "checksum": "f5b9fc326e5d4a0564e6459178cf5d14"
        },
        {
          "type": "image",
          "assetId": "AML9QdhUNtpipF",
          "checksum": "9de3be101ca193d9d3224128cc845b85"
        },
        {
          "type": "image",
          "assetId": "nuASWQHsUGXIVp",
          "checksum": "62734d4ea0f086d410c254df2f093921"
        },
        {
          "type": "image",
          "assetId": "eeFXNGJccSLbqs",
          "checksum": "95890d7091ab47681d3915ddd935c783"
        },
        {
          "type": "image",
          "assetId": "RuuPkp2tDXGdv3",
          "checksum": "04d51edcb2c955794dc3bf4399f25601"
        },
        {
          "type": "image",
          "assetId": "HaVroAEQo298vL",
          "checksum": "a80178a05c3d7630e801ea825740e734"
        },
        {
          "type": "image",
          "assetId": "1FYobNVqK0k9I9",
          "checksum": "4187090a3c96f2814eb457154686d59b"
        },
        {
          "type": "image",
          "assetId": "_BDDs3co98xx0u",
          "checksum": "0b1504265803d6e3caccf08f6eada259"
        },
        {
          "type": "image",
          "assetId": "BHoIOpwFLjqpCY",
          "checksum": "8922496629320d743b10decac9cd6de3"
        },
        {
          "type": "image",
          "assetId": "Dp6dw9d4YWx8Gp",
          "checksum": "49ef189788417cf18e899c066924bc7e"
        },
        {
          "assetId": "3adtwsaNx4fbnhR9s4awSb",
          "type": "projectCss",
          "checksum": "164b82961b2f2a35d68b7f35be6a9aaf"
        }
      ],
      "codegenVersion": "0.0.1"
    }
  ],
  "cliVersion": "0.1.175"
}
